
Microsoft Visual Studio Solution File, Format Version 12.00
# Visual Studio 15
VisualStudioVersion = 15.0.28307.1082
MinimumVisualStudioVersion = 10.0.40219.1
Project("{FAE04EC0-301F-11D3-BF4B-00C04F79EFBC}") = "SonOyuncu Launcher", "SonOyuncu Launcher\SonOyuncu Launcher.csproj", "{0A145B2F-70B6-4A25-9205-70925850A19E}"
EndProject
Global
	GlobalSection(SolutionConfigurationPlatforms) = preSolution
		Debug|Any CPU = Debug|Any CPU
		Release|Any CPU = Release|Any CPU
	EndGlobalSection
	GlobalSection(ProjectConfigurationPlatforms) = postSolution
		{0A145B2F-70B6-4A25-9205-70925850A19E}.Debug|Any CPU.ActiveCfg = Debug|Any CPU
		{0A145B2F-70B6-4A25-9205-70925850A19E}.Debug|Any CPU.Build.0 = Debug|Any CPU
		{0A145B2F-70B6-4A25-9205-70925850A19E}.Release|Any CPU.ActiveCfg = Release|Any CPU
		{0A145B2F-70B6-4A25-9205-70925850A19E}.Release|Any CPU.Build.0 = Release|Any CPU
	EndGlobalSection
	GlobalSection(SolutionProperties) = preSolution
		HideSolutionNode = FALSE
	EndGlobalSection
	GlobalSection(ExtensibilityGlobals) = postSolution
		SolutionGuid = {86ACE81E-879C-4809-AFBB-F3222A0A595F}
	EndGlobalSection
EndGlobal
